// !$*UTF8*$!
{
	archiveVersion = 1;
	classes = {
	};
	objectVersion = 50;
	objects = {

/* Begin PBXBuildFile section */
		A44E31F92615290400552ABC /* Learning_App.swift in Sources */ = {isa = PBXBuildFile; fileRef = A44E31F82615290400552ABC /* Learning_App.swift */; };
		A44E31FB2615290400552ABC /* HomeView.swift in Sources */ = {isa = PBXBuildFile; fileRef = A44E31FA2615290400552ABC /* HomeView.swift */; };
		A44E31FD2615290900552ABC /* Assets.xcassets in Resources */ = {isa = PBXBuildFile; fileRef = A44E31FC2615290900552ABC /* Assets.xcassets */; };
		A44E32002615290900552ABC /* Preview Assets.xcassets in Resources */ = {isa = PBXBuildFile; fileRef = A44E31FF2615290900552ABC /* Preview Assets.xcassets */; };
		A44E321026152C4C00552ABC /* ContentModel.swift in Sources */ = {isa = PBXBuildFile; fileRef = A44E320F26152C4C00552ABC /* ContentModel.swift */; };
		A44E32182616337100552ABC /* Models.swift in Sources */ = {isa = PBXBuildFile; fileRef = A44E32172616337100552ABC /* Models.swift */; };
		A44E321B2616439900552ABC /* HomeViewRow.swift in Sources */ = {isa = PBXBuildFile; fileRef = A44E321A2616439900552ABC /* HomeViewRow.swift */; };
		A44E32212616632100552ABC /* style.html in Resources */ = {isa = PBXBuildFile; fileRef = A44E321F2616632100552ABC /* style.html */; };
		A44E32222616632100552ABC /* data.json in Resources */ = {isa = PBXBuildFile; fileRef = A44E32202616632100552ABC /* data.json */; };
		A44E32292618ADCC00552ABC /* ContentView.swift in Sources */ = {isa = PBXBuildFile; fileRef = A44E32282618ADCC00552ABC /* ContentView.swift */; };
		A44E322C2618BD2600552ABC /* ContentViewRow.swift in Sources */ = {isa = PBXBuildFile; fileRef = A44E322B2618BD2600552ABC /* ContentViewRow.swift */; };
		A44E322F2619F57300552ABC /* ContentDetailView.swift in Sources */ = {isa = PBXBuildFile; fileRef = A44E322E2619F57300552ABC /* ContentDetailView.swift */; };
		A44E3233261A026600552ABC /* AVKit.framework in Frameworks */ = {isa = PBXBuildFile; fileRef = A44E3232261A026600552ABC /* AVKit.framework */; };
		A44E3235261A037F00552ABC /* Constants.swift in Sources */ = {isa = PBXBuildFile; fileRef = A44E3234261A037F00552ABC /* Constants.swift */; };
/* End PBXBuildFile section */

/* Begin PBXFileReference section */
		A44E31F52615290400552ABC /* Learning-App.app */ = {isa = PBXFileReference; explicitFileType = wrapper.application; includeInIndex = 0; path = "Learning-App.app"; sourceTree = BUILT_PRODUCTS_DIR; };
		A44E31F82615290400552ABC /* Learning_App.swift */ = {isa = PBXFileReference; lastKnownFileType = sourcecode.swift; path = Learning_App.swift; sourceTree = "<group>"; };
		A44E31FA2615290400552ABC /* HomeView.swift */ = {isa = PBXFileReference; lastKnownFileType = sourcecode.swift; path = HomeView.swift; sourceTree = "<group>"; };
		A44E31FC2615290900552ABC /* Assets.xcassets */ = {isa = PBXFileReference; lastKnownFileType = folder.assetcatalog; path = Assets.xcassets; sourceTree = "<group>"; };
		A44E31FF2615290900552ABC /* Preview Assets.xcassets */ = {isa = PBXFileReference; lastKnownFileType = folder.assetcatalog; path = "Preview Assets.xcassets"; sourceTree = "<group>"; };
		A44E32012615290900552ABC /* Info.plist */ = {isa = PBXFileReference; lastKnownFileType = text.plist.xml; path = Info.plist; sourceTree = "<group>"; };
		A44E320F26152C4C00552ABC /* ContentModel.swift */ = {isa = PBXFileReference; lastKnownFileType = sourcecode.swift; path = ContentModel.swift; sourceTree = "<group>"; };
		A44E32172616337100552ABC /* Models.swift */ = {isa = PBXFileReference; lastKnownFileType = sourcecode.swift; path = Models.swift; sourceTree = "<group>"; };
		A44E321A2616439900552ABC /* HomeViewRow.swift */ = {isa = PBXFileReference; lastKnownFileType = sourcecode.swift; path = HomeViewRow.swift; sourceTree = "<group>"; };
		A44E321F2616632100552ABC /* style.html */ = {isa = PBXFileReference; fileEncoding = 4; lastKnownFileType = text.html; path = style.html; sourceTree = "<group>"; };
		A44E32202616632100552ABC /* data.json */ = {isa = PBXFileReference; fileEncoding = 4; lastKnownFileType = text.json; path = data.json; sourceTree = "<group>"; };
		A44E32282618ADCC00552ABC /* ContentView.swift */ = {isa = PBXFileReference; lastKnownFileType = sourcecode.swift; path = ContentView.swift; sourceTree = "<group>"; };
		A44E322B2618BD2600552ABC /* ContentViewRow.swift */ = {isa = PBXFileReference; lastKnownFileType = sourcecode.swift; path = ContentViewRow.swift; sourceTree = "<group>"; };
		A44E322E2619F57300552ABC /* ContentDetailView.swift */ = {isa = PBXFileReference; lastKnownFileType = sourcecode.swift; path = ContentDetailView.swift; sourceTree = "<group>"; };
		A44E3232261A026600552ABC /* AVKit.framework */ = {isa = PBXFileReference; lastKnownFileType = wrapper.framework; name = AVKit.framework; path = System/Library/Frameworks/AVKit.framework; sourceTree = SDKROOT; };
		A44E3234261A037F00552ABC /* Constants.swift */ = {isa = PBXFileReference; lastKnownFileType = sourcecode.swift; path = Constants.swift; sourceTree = "<group>"; };
/* End PBXFileReference section */

/* Begin PBXFrameworksBuildPhase section */
		A44E31F22615290400552ABC /* Frameworks */ = {
			isa = PBXFrameworksBuildPhase;
			buildActionMask = 2147483647;
			files = (
				A44E3233261A026600552ABC /* AVKit.framework in Frameworks */,
			);
			runOnlyForDeploymentPostprocessing = 0;
		};
/* End PBXFrameworksBuildPhase section */

/* Begin PBXGroup section */
		A44E31EC2615290400552ABC = {
			isa = PBXGroup;
			children = (
				A44E31F72615290400552ABC /* Learning-App */,
				A44E31F62615290400552ABC /* Products */,
				A44E3231261A026600552ABC /* Frameworks */,
			);
			sourceTree = "<group>";
		};
		A44E31F62615290400552ABC /* Products */ = {
			isa = PBXGroup;
			children = (
				A44E31F52615290400552ABC /* Learning-App.app */,
			);
			name = Products;
			sourceTree = "<group>";
		};
		A44E31F72615290400552ABC /* Learning-App */ = {
			isa = PBXGroup;
			children = (
				A44E31F82615290400552ABC /* Learning_App.swift */,
				A44E320E26152BE600552ABC /* Views */,
				A44E320B26152BBC00552ABC /* ViewModels */,
				A44E320D26152BCF00552ABC /* Models */,
				A44E320C26152BC500552ABC /* Utilities */,
				A44E32082615291B00552ABC /* Resources */,
				A44E31FC2615290900552ABC /* Assets.xcassets */,
				A44E32012615290900552ABC /* Info.plist */,
				A44E31FE2615290900552ABC /* Preview Content */,
			);
			path = "Learning-App";
			sourceTree = "<group>";
		};
		A44E31FE2615290900552ABC /* Preview Content */ = {
			isa = PBXGroup;
			children = (
				A44E31FF2615290900552ABC /* Preview Assets.xcassets */,
			);
			path = "Preview Content";
			sourceTree = "<group>";
		};
		A44E32082615291B00552ABC /* Resources */ = {
			isa = PBXGroup;
			children = (
				A44E32202616632100552ABC /* data.json */,
				A44E321F2616632100552ABC /* style.html */,
				A44E3234261A037F00552ABC /* Constants.swift */,
			);
			path = Resources;
			sourceTree = "<group>";
		};
		A44E320B26152BBC00552ABC /* ViewModels */ = {
			isa = PBXGroup;
			children = (
				A44E320F26152C4C00552ABC /* ContentModel.swift */,
			);
			path = ViewModels;
			sourceTree = "<group>";
		};
		A44E320C26152BC500552ABC /* Utilities */ = {
			isa = PBXGroup;
			children = (
			);
			path = Utilities;
			sourceTree = "<group>";
		};
		A44E320D26152BCF00552ABC /* Models */ = {
			isa = PBXGroup;
			children = (
				A44E32172616337100552ABC /* Models.swift */,
			);
			path = Models;
			sourceTree = "<group>";
		};
		A44E320E26152BE600552ABC /* Views */ = {
			isa = PBXGroup;
			children = (
				A44E31FA2615290400552ABC /* HomeView.swift */,
				A44E321A2616439900552ABC /* HomeViewRow.swift */,
				A44E32282618ADCC00552ABC /* ContentView.swift */,
				A44E322B2618BD2600552ABC /* ContentViewRow.swift */,
				A44E322E2619F57300552ABC /* ContentDetailView.swift */,
			);
			path = Views;
			sourceTree = "<group>";
		};
		A44E3231261A026600552ABC /* Frameworks */ = {
			isa = PBXGroup;
			children = (
				A44E3232261A026600552ABC /* AVKit.framework */,
			);
			name = Frameworks;
			sourceTree = "<group>";
		};
/* End PBXGroup section */

/* Begin PBXNativeTarget section */
		A44E31F42615290400552ABC /* Learning-App */ = {
			isa = PBXNativeTarget;
			buildConfigurationList = A44E32042615290900552ABC /* Build configuration list for PBXNativeTarget "Learning-App" */;
			buildPhases = (
				A44E31F12615290400552ABC /* Sources */,
				A44E31F22615290400552ABC /* Frameworks */,
				A44E31F32615290400552ABC /* Resources */,
			);
			buildRules = (
			);
			dependencies = (
			);
			name = "Learning-App";
			productName = "Learning-App";
			productReference = A44E31F52615290400552ABC /* Learning-App.app */;
			productType = "com.apple.product-type.application";
		};
/* End PBXNativeTarget section */

/* Begin PBXProject section */
		A44E31ED2615290400552ABC /* Project object */ = {
			isa = PBXProject;
			attributes = {
				LastSwiftUpdateCheck = 1240;
				LastUpgradeCheck = 1240;
				TargetAttributes = {
					A44E31F42615290400552ABC = {
						CreatedOnToolsVersion = 12.4;
					};
				};
			};
			buildConfigurationList = A44E31F02615290400552ABC /* Build configuration list for PBXProject "Learning-App" */;
			compatibilityVersion = "Xcode 9.3";
			developmentRegion = en;
			hasScannedForEncodings = 0;
			knownRegions = (
				en,
				Base,
			);
			mainGroup = A44E31EC2615290400552ABC;
			productRefGroup = A44E31F62615290400552ABC /* Products */;
			projectDirPath = "";
			projectRoot = "";
			targets = (
				A44E31F42615290400552ABC /* Learning-App */,
			);
		};
/* End PBXProject section */

/* Begin PBXResourcesBuildPhase section */
		A44E31F32615290400552ABC /* Resources */ = {
			isa = PBXResourcesBuildPhase;
			buildActionMask = 2147483647;
			files = (
				A44E32212616632100552ABC /* style.html in Resources */,
				A44E32002615290900552ABC /* Preview Assets.xcassets in Resources */,
				A44E31FD2615290900552ABC /* Assets.xcassets in Resources */,
				A44E32222616632100552ABC /* data.json in Resources */,
			);
			runOnlyForDeploymentPostprocessing = 0;
		};
/* End PBXResourcesBuildPhase section */

/* Begin PBXSourcesBuildPhase section */
		A44E31F12615290400552ABC /* Sources */ = {
			isa = PBXSourcesBuildPhase;
			buildActionMask = 2147483647;
			files = (
				A44E31FB2615290400552ABC /* HomeView.swift in Sources */,
				A44E321B2616439900552ABC /* HomeViewRow.swift in Sources */,
				A44E32292618ADCC00552ABC /* ContentView.swift in Sources */,
				A44E322F2619F57300552ABC /* ContentDetailView.swift in Sources */,
				A44E31F92615290400552ABC /* Learning_App.swift in Sources */,
				A44E322C2618BD2600552ABC /* ContentViewRow.swift in Sources */,
				A44E321026152C4C00552ABC /* ContentModel.swift in Sources */,
				A44E32182616337100552ABC /* Models.swift in Sources */,
				A44E3235261A037F00552ABC /* Constants.swift in Sources */,
			);
			runOnlyForDeploymentPostprocessing = 0;
		};
/* End PBXSourcesBuildPhase section */

/* Begin XCBuildConfiguration section */
		A44E32022615290900552ABC /* Debug */ = {
			isa = XCBuildConfiguration;
			buildSettings = {
				ALWAYS_SEARCH_USER_PATHS = NO;
				CLANG_ANALYZER_NONNULL = YES;
				CLANG_ANALYZER_NUMBER_OBJECT_CONVERSION = YES_AGGRESSIVE;
				CLANG_CXX_LANGUAGE_STANDARD = "gnu++14";
				CLANG_CXX_LIBRARY = "libc++";
				CLANG_ENABLE_MODULES = YES;
				CLANG_ENABLE_OBJC_ARC = YES;
				CLANG_ENABLE_OBJC_WEAK = YES;
				CLANG_WARN_BLOCK_CAPTURE_AUTORELEASING = YES;
				CLANG_WARN_BOOL_CONVERSION = YES;
				CLANG_WARN_COMMA = YES;
				CLANG_WARN_CONSTANT_CONVERSION = YES;
				CLANG_WARN_DEPRECATED_OBJC_IMPLEMENTATIONS = YES;
				CLANG_WARN_DIRECT_OBJC_ISA_USAGE = YES_ERROR;
				CLANG_WARN_DOCUMENTATION_COMMENTS = YES;
				CLANG_WARN_EMPTY_BODY = YES;
				CLANG_WARN_ENUM_CONVERSION = YES;
				CLANG_WARN_INFINITE_RECURSION = YES;
				CLANG_WARN_INT_CONVERSION = YES;
				CLANG_WARN_NON_LITERAL_NULL_CONVERSION = YES;
				CLANG_WARN_OBJC_IMPLICIT_RETAIN_SELF = YES;
				CLANG_WARN_OBJC_LITERAL_CONVERSION = YES;
				CLANG_WARN_OBJC_ROOT_CLASS = YES_ERROR;
				CLANG_WARN_QUOTED_INCLUDE_IN_FRAMEWORK_HEADER = YES;
				CLANG_WARN_RANGE_LOOP_ANALYSIS = YES;
				CLANG_WARN_STRICT_PROTOTYPES = YES;
				CLANG_WARN_SUSPICIOUS_MOVE = YES;
				CLANG_WARN_UNGUARDED_AVAILABILITY = YES_AGGRESSIVE;
				CLANG_WARN_UNREACHABLE_CODE = YES;
				CLANG_WARN__DUPLICATE_METHOD_MATCH = YES;
				COPY_PHASE_STRIP = NO;
				DEBUG_INFORMATION_FORMAT = dwarf;
				ENABLE_STRICT_OBJC_MSGSEND = YES;
				ENABLE_TESTABILITY = YES;
				GCC_C_LANGUAGE_STANDARD = gnu11;
				GCC_DYNAMIC_NO_PIC = NO;
				GCC_NO_COMMON_BLOCKS = YES;
				GCC_OPTIMIZATION_LEVEL = 0;
				GCC_PREPROCESSOR_DEFINITIONS = (
					"DEBUG=1",
					"$(inherited)",
				);
				GCC_WARN_64_TO_32_BIT_CONVERSION = YES;
				GCC_WARN_ABOUT_RETURN_TYPE = YES_ERROR;
				GCC_WARN_UNDECLARED_SELECTOR = YES;
				GCC_WARN_UNINITIALIZED_AUTOS = YES_AGGRESSIVE;
				GCC_WARN_UNUSED_FUNCTION = YES;
				GCC_WARN_UNUSED_VARIABLE = YES;
				IPHONEOS_DEPLOYMENT_TARGET = 14.4;
				MTL_ENABLE_DEBUG_INFO = INCLUDE_SOURCE;
				MTL_FAST_MATH = YES;
				ONLY_ACTIVE_ARCH = YES;
				SDKROOT = iphoneos;
				SWIFT_ACTIVE_COMPILATION_CONDITIONS = DEBUG;
				SWIFT_OPTIMIZATION_LEVEL = "-Onone";
			};
			name = Debug;
		};
		A44E32032615290900552ABC /* Release */ = {
			isa = XCBuildConfiguration;
			buildSettings = {
				ALWAYS_SEARCH_USER_PATHS = NO;
				CLANG_ANALYZER_NONNULL = YES;
				CLANG_ANALYZER_NUMBER_OBJECT_CONVERSION = YES_AGGRESSIVE;
				CLANG_CXX_LANGUAGE_STANDARD = "gnu++14";
				CLANG_CXX_LIBRARY = "libc++";
				CLANG_ENABLE_MODULES = YES;
				CLANG_ENABLE_OBJC_ARC = YES;
				CLANG_ENABLE_OBJC_WEAK = YES;
				CLANG_WARN_BLOCK_CAPTURE_AUTORELEASING = YES;
				CLANG_WARN_BOOL_CONVERSION = YES;
				CLANG_WARN_COMMA = YES;
				CLANG_WARN_CONSTANT_CONVERSION = YES;
				CLANG_WARN_DEPRECATED_OBJC_IMPLEMENTATIONS = YES;
				CLANG_WARN_DIRECT_OBJC_ISA_USAGE = YES_ERROR;
				CLANG_WARN_DOCUMENTATION_COMMENTS = YES;
				CLANG_WARN_EMPTY_BODY = YES;
				CLANG_WARN_ENUM_CONVERSION = YES;
				CLANG_WARN_INFINITE_RECURSION = YES;
				CLANG_WARN_INT_CONVERSION = YES;
				CLANG_WARN_NON_LITERAL_NULL_CONVERSION = YES;
				CLANG_WARN_OBJC_IMPLICIT_RETAIN_SELF = YES;
				CLANG_WARN_OBJC_LITERAL_CONVERSION = YES;
				CLANG_WARN_OBJC_ROOT_CLASS = YES_ERROR;
				CLANG_WARN_QUOTED_INCLUDE_IN_FRAMEWORK_HEADER = YES;
				CLANG_WARN_RANGE_LOOP_ANALYSIS = YES;
				CLANG_WARN_STRICT_PROTOTYPES = YES;
				CLANG_WARN_SUSPICIOUS_MOVE = YES;
				CLANG_WARN_UNGUARDED_AVAILABILITY = YES_AGGRESSIVE;
				CLANG_WARN_UNREACHABLE_CODE = YES;
				CLANG_WARN__DUPLICATE_METHOD_MATCH = YES;
				COPY_PHASE_STRIP = NO;
				DEBUG_INFORMATION_FORMAT = "dwarf-with-dsym";
				ENABLE_NS_ASSERTIONS = NO;
				ENABLE_STRICT_OBJC_MSGSEND = YES;
				GCC_C_LANGUAGE_STANDARD = gnu11;
				GCC_NO_COMMON_BLOCKS = YES;
				GCC_WARN_64_TO_32_BIT_CONVERSION = YES;
				GCC_WARN_ABOUT_RETURN_TYPE = YES_ERROR;
				GCC_WARN_UNDECLARED_SELECTOR = YES;
				GCC_WARN_UNINITIALIZED_AUTOS = YES_AGGRESSIVE;
				GCC_WARN_UNUSED_FUNCTION = YES;
				GCC_WARN_UNUSED_VARIABLE = YES;
				IPHONEOS_DEPLOYMENT_TARGET = 14.4;
				MTL_ENABLE_DEBUG_INFO = NO;
				MTL_FAST_MATH = YES;
				SDKROOT = iphoneos;
				SWIFT_COMPILATION_MODE = wholemodule;
				SWIFT_OPTIMIZATION_LEVEL = "-O";
				VALIDATE_PRODUCT = YES;
			};
			name = Release;
		};
		A44E32052615290900552ABC /* Debug */ = {
			isa = XCBuildConfiguration;
			buildSettings = {
				ASSETCATALOG_COMPILER_APPICON_NAME = AppIcon;
				ASSETCATALOG_COMPILER_GLOBAL_ACCENT_COLOR_NAME = AccentColor;
				CODE_SIGN_STYLE = Automatic;
				DEVELOPMENT_ASSET_PATHS = "\"Learning-App/Preview Content\"";
				DEVELOPMENT_TEAM = J369RA97DW;
				ENABLE_PREVIEWS = YES;
				INFOPLIST_FILE = "Learning-App/Info.plist";
				IPHONEOS_DEPLOYMENT_TARGET = 14.0;
				LD_RUNPATH_SEARCH_PATHS = (
					"$(inherited)",
					"@executable_path/Frameworks",
				);
				PRODUCT_BUNDLE_IDENTIFIER = "jjeang-learning-app.Learning-App";
				PRODUCT_NAME = "$(TARGET_NAME)";
				SWIFT_VERSION = 5.0;
				TARGETED_DEVICE_FAMILY = "1,2";
			};
			name = Debug;
		};
		A44E32062615290900552ABC /* Release */ = {
			isa = XCBuildConfiguration;
			buildSettings = {
				ASSETCATALOG_COMPILER_APPICON_NAME = AppIcon;
				ASSETCATALOG_COMPILER_GLOBAL_ACCENT_COLOR_NAME = AccentColor;
				CODE_SIGN_STYLE = Automatic;
				DEVELOPMENT_ASSET_PATHS = "\"Learning-App/Preview Content\"";
				DEVELOPMENT_TEAM = J369RA97DW;
				ENABLE_PREVIEWS = YES;
				INFOPLIST_FILE = "Learning-App/Info.plist";
				IPHONEOS_DEPLOYMENT_TARGET = 14.0;
				LD_RUNPATH_SEARCH_PATHS = (
					"$(inherited)",
					"@executable_path/Frameworks",
				);
				PRODUCT_BUNDLE_IDENTIFIER = "jjeang-learning-app.Learning-App";
				PRODUCT_NAME = "$(TARGET_NAME)";
				SWIFT_VERSION = 5.0;
				TARGETED_DEVICE_FAMILY = "1,2";
			};
			name = Release;
		};
/* End XCBuildConfiguration section */

/* Begin XCConfigurationList section */
		A44E31F02615290400552ABC /* Build configuration list for PBXProject "Learning-App" */ = {
			isa = XCConfigurationList;
			buildConfigurations = (
				A44E32022615290900552ABC /* Debug */,
				A44E32032615290900552ABC /* Release */,
			);
			defaultConfigurationIsVisible = 0;
			defaultConfigurationName = Release;
		};
		A44E32042615290900552ABC /* Build configuration list for PBXNativeTarget "Learning-App" */ = {
			isa = XCConfigurationList;
			buildConfigurations = (
				A44E32052615290900552ABC /* Debug */,
				A44E32062615290900552ABC /* Release */,
			);
			defaultConfigurationIsVisible = 0;
			defaultConfigurationName = Release;
		};
/* End XCConfigurationList section */
	};
	rootObject = A44E31ED2615290400552ABC /* Project object */;
}
